// !$*UTF8*$!
{
	archiveVersion = 1;
	classes = {
	};
	objectVersion = 55;
	objects = {

/* Begin PBXBuildFile section */
		6686659F281F8FD20096CC10 /* Adam_20220502_EmojiArtApp.swift in Sources */ = {isa = PBXBuildFile; fileRef = 6686658B281F8FD00096CC10 /* Adam_20220502_EmojiArtApp.swift */; };
		668665A0281F8FD20096CC10 /* Adam_20220502_EmojiArtApp.swift in Sources */ = {isa = PBXBuildFile; fileRef = 6686658B281F8FD00096CC10 /* Adam_20220502_EmojiArtApp.swift */; };
		668665A5281F8FD20096CC10 /* Assets.xcassets in Resources */ = {isa = PBXBuildFile; fileRef = 6686658E281F8FD20096CC10 /* Assets.xcassets */; };
		668665A6281F8FD20096CC10 /* Assets.xcassets in Resources */ = {isa = PBXBuildFile; fileRef = 6686658E281F8FD20096CC10 /* Assets.xcassets */; };
		668665B9281F900D0096CC10 /* EmojiArtDocumentView.swift in Sources */ = {isa = PBXBuildFile; fileRef = 668665AF281F900B0096CC10 /* EmojiArtDocumentView.swift */; };
		668665BA281F900D0096CC10 /* EmojiArtDocumentView.swift in Sources */ = {isa = PBXBuildFile; fileRef = 668665AF281F900B0096CC10 /* EmojiArtDocumentView.swift */; };
		668665BB281F900D0096CC10 /* UtilityViews.swift in Sources */ = {isa = PBXBuildFile; fileRef = 668665B0281F900B0096CC10 /* UtilityViews.swift */; };
		668665BC281F900D0096CC10 /* UtilityViews.swift in Sources */ = {isa = PBXBuildFile; fileRef = 668665B0281F900B0096CC10 /* UtilityViews.swift */; };
		668665BD281F900D0096CC10 /* PaletteManager.swift in Sources */ = {isa = PBXBuildFile; fileRef = 668665B1281F900B0096CC10 /* PaletteManager.swift */; };
		668665BF281F900D0096CC10 /* PaletteStore.swift in Sources */ = {isa = PBXBuildFile; fileRef = 668665B2281F900B0096CC10 /* PaletteStore.swift */; };
		668665C0281F900D0096CC10 /* PaletteStore.swift in Sources */ = {isa = PBXBuildFile; fileRef = 668665B2281F900B0096CC10 /* PaletteStore.swift */; };
		668665C1281F900D0096CC10 /* PaletteChooser.swift in Sources */ = {isa = PBXBuildFile; fileRef = 668665B3281F900C0096CC10 /* PaletteChooser.swift */; };
		668665C2281F900D0096CC10 /* PaletteChooser.swift in Sources */ = {isa = PBXBuildFile; fileRef = 668665B3281F900C0096CC10 /* PaletteChooser.swift */; };
		668665C3281F900D0096CC10 /* EmojiArtModel.swift in Sources */ = {isa = PBXBuildFile; fileRef = 668665B4281F900C0096CC10 /* EmojiArtModel.swift */; };
		668665C4281F900D0096CC10 /* EmojiArtModel.swift in Sources */ = {isa = PBXBuildFile; fileRef = 668665B4281F900C0096CC10 /* EmojiArtModel.swift */; };
		668665C5281F900D0096CC10 /* UtilityExtensions.swift in Sources */ = {isa = PBXBuildFile; fileRef = 668665B5281F900C0096CC10 /* UtilityExtensions.swift */; };
		668665C6281F900D0096CC10 /* UtilityExtensions.swift in Sources */ = {isa = PBXBuildFile; fileRef = 668665B5281F900C0096CC10 /* UtilityExtensions.swift */; };
		668665C7281F900D0096CC10 /* EmojiArtDocument.swift in Sources */ = {isa = PBXBuildFile; fileRef = 668665B6281F900C0096CC10 /* EmojiArtDocument.swift */; };
		668665C8281F900D0096CC10 /* EmojiArtDocument.swift in Sources */ = {isa = PBXBuildFile; fileRef = 668665B6281F900C0096CC10 /* EmojiArtDocument.swift */; };
		668665C9281F900D0096CC10 /* PaletteEditor.swift in Sources */ = {isa = PBXBuildFile; fileRef = 668665B7281F900D0096CC10 /* PaletteEditor.swift */; };
		668665CA281F900D0096CC10 /* PaletteEditor.swift in Sources */ = {isa = PBXBuildFile; fileRef = 668665B7281F900D0096CC10 /* PaletteEditor.swift */; };
		668665CB281F900D0096CC10 /* EmojiArtModel.Background.swift in Sources */ = {isa = PBXBuildFile; fileRef = 668665B8281F900D0096CC10 /* EmojiArtModel.Background.swift */; };
		668665CC281F900D0096CC10 /* EmojiArtModel.Background.swift in Sources */ = {isa = PBXBuildFile; fileRef = 668665B8281F900D0096CC10 /* EmojiArtModel.Background.swift */; };
		668665CE281F90580096CC10 /* iOS.swift in Sources */ = {isa = PBXBuildFile; fileRef = 668665CD281F90580096CC10 /* iOS.swift */; };
		668665D1281F91C70096CC10 /* macOS.swift in Sources */ = {isa = PBXBuildFile; fileRef = 668665CF281F906A0096CC10 /* macOS.swift */; };
		668665D3281F945A0096CC10 /* Camera.swift in Sources */ = {isa = PBXBuildFile; fileRef = 668665D2281F945A0096CC10 /* Camera.swift */; };
		668665D5281F946A0096CC10 /* PhotoLibrary.swift in Sources */ = {isa = PBXBuildFile; fileRef = 668665D4281F946A0096CC10 /* PhotoLibrary.swift */; };
/* End PBXBuildFile section */

/* Begin PBXFileReference section */
		6686658B281F8FD00096CC10 /* Adam_20220502_EmojiArtApp.swift */ = {isa = PBXFileReference; lastKnownFileType = sourcecode.swift; path = Adam_20220502_EmojiArtApp.swift; sourceTree = "<group>"; };
		6686658E281F8FD20096CC10 /* Assets.xcassets */ = {isa = PBXFileReference; lastKnownFileType = folder.assetcatalog; path = Assets.xcassets; sourceTree = "<group>"; };
		66866593281F8FD20096CC10 /* Adam_20220502_EmojiArt.app */ = {isa = PBXFileReference; explicitFileType = wrapper.application; includeInIndex = 0; path = Adam_20220502_EmojiArt.app; sourceTree = BUILT_PRODUCTS_DIR; };
		66866596281F8FD20096CC10 /* Info.plist */ = {isa = PBXFileReference; lastKnownFileType = text.plist.xml; path = Info.plist; sourceTree = "<group>"; };
		6686659B281F8FD20096CC10 /* Adam_20220502_EmojiArt.app */ = {isa = PBXFileReference; explicitFileType = wrapper.application; includeInIndex = 0; path = Adam_20220502_EmojiArt.app; sourceTree = BUILT_PRODUCTS_DIR; };
		6686659D281F8FD20096CC10 /* Info.plist */ = {isa = PBXFileReference; lastKnownFileType = text.plist.xml; path = Info.plist; sourceTree = "<group>"; };
		6686659E281F8FD20096CC10 /* macOS.entitlements */ = {isa = PBXFileReference; lastKnownFileType = text.plist.entitlements; path = macOS.entitlements; sourceTree = "<group>"; };
		668665AF281F900B0096CC10 /* EmojiArtDocumentView.swift */ = {isa = PBXFileReference; fileEncoding = 4; lastKnownFileType = sourcecode.swift; path = EmojiArtDocumentView.swift; sourceTree = "<group>"; };
		668665B0281F900B0096CC10 /* UtilityViews.swift */ = {isa = PBXFileReference; fileEncoding = 4; lastKnownFileType = sourcecode.swift; path = UtilityViews.swift; sourceTree = "<group>"; };
		668665B1281F900B0096CC10 /* PaletteManager.swift */ = {isa = PBXFileReference; fileEncoding = 4; lastKnownFileType = sourcecode.swift; path = PaletteManager.swift; sourceTree = "<group>"; };
		668665B2281F900B0096CC10 /* PaletteStore.swift */ = {isa = PBXFileReference; fileEncoding = 4; lastKnownFileType = sourcecode.swift; path = PaletteStore.swift; sourceTree = "<group>"; };
		668665B3281F900C0096CC10 /* PaletteChooser.swift */ = {isa = PBXFileReference; fileEncoding = 4; lastKnownFileType = sourcecode.swift; path = PaletteChooser.swift; sourceTree = "<group>"; };
		668665B4281F900C0096CC10 /* EmojiArtModel.swift */ = {isa = PBXFileReference; fileEncoding = 4; lastKnownFileType = sourcecode.swift; path = EmojiArtModel.swift; sourceTree = "<group>"; };
		668665B5281F900C0096CC10 /* UtilityExtensions.swift */ = {isa = PBXFileReference; fileEncoding = 4; lastKnownFileType = sourcecode.swift; path = UtilityExtensions.swift; sourceTree = "<group>"; };
		668665B6281F900C0096CC10 /* EmojiArtDocument.swift */ = {isa = PBXFileReference; fileEncoding = 4; lastKnownFileType = sourcecode.swift; path = EmojiArtDocument.swift; sourceTree = "<group>"; };
		668665B7281F900D0096CC10 /* PaletteEditor.swift */ = {isa = PBXFileReference; fileEncoding = 4; lastKnownFileType = sourcecode.swift; path = PaletteEditor.swift; sourceTree = "<group>"; };
		668665B8281F900D0096CC10 /* EmojiArtModel.Background.swift */ = {isa = PBXFileReference; fileEncoding = 4; lastKnownFileType = sourcecode.swift; path = EmojiArtModel.Background.swift; sourceTree = "<group>"; };
		668665CD281F90580096CC10 /* iOS.swift */ = {isa = PBXFileReference; lastKnownFileType = sourcecode.swift; path = iOS.swift; sourceTree = "<group>"; };
		668665CF281F906A0096CC10 /* macOS.swift */ = {isa = PBXFileReference; lastKnownFileType = sourcecode.swift; path = macOS.swift; sourceTree = "<group>"; };
		668665D2281F945A0096CC10 /* Camera.swift */ = {isa = PBXFileReference; lastKnownFileType = sourcecode.swift; path = Camera.swift; sourceTree = "<group>"; };
		668665D4281F946A0096CC10 /* PhotoLibrary.swift */ = {isa = PBXFileReference; lastKnownFileType = sourcecode.swift; path = PhotoLibrary.swift; sourceTree = "<group>"; };
/* End PBXFileReference section */

/* Begin PBXFrameworksBuildPhase section */
		66866590281F8FD20096CC10 /* Frameworks */ = {
			isa = PBXFrameworksBuildPhase;
			buildActionMask = 2147483647;
			files = (
			);
			runOnlyForDeploymentPostprocessing = 0;
		};
		66866598281F8FD20096CC10 /* Frameworks */ = {
			isa = PBXFrameworksBuildPhase;
			buildActionMask = 2147483647;
			files = (
			);
			runOnlyForDeploymentPostprocessing = 0;
		};
/* End PBXFrameworksBuildPhase section */

/* Begin PBXGroup section */
		66866585281F8FD00096CC10 = {
			isa = PBXGroup;
			children = (
				6686658A281F8FD00096CC10 /* Shared */,
				66866595281F8FD20096CC10 /* iOS */,
				6686659C281F8FD20096CC10 /* macOS */,
				66866594281F8FD20096CC10 /* Products */,
			);
			sourceTree = "<group>";
		};
		6686658A281F8FD00096CC10 /* Shared */ = {
			isa = PBXGroup;
			children = (
				6686658B281F8FD00096CC10 /* Adam_20220502_EmojiArtApp.swift */,
				668665AF281F900B0096CC10 /* EmojiArtDocumentView.swift */,
				668665B3281F900C0096CC10 /* PaletteChooser.swift */,
				668665B7281F900D0096CC10 /* PaletteEditor.swift */,
				668665B2281F900B0096CC10 /* PaletteStore.swift */,
				668665B6281F900C0096CC10 /* EmojiArtDocument.swift */,
				668665B8281F900D0096CC10 /* EmojiArtModel.Background.swift */,
				668665B4281F900C0096CC10 /* EmojiArtModel.swift */,
				668665B5281F900C0096CC10 /* UtilityExtensions.swift */,
				668665B0281F900B0096CC10 /* UtilityViews.swift */,
				6686658E281F8FD20096CC10 /* Assets.xcassets */,
			);
			path = Shared;
			sourceTree = "<group>";
		};
		66866594281F8FD20096CC10 /* Products */ = {
			isa = PBXGroup;
			children = (
				66866593281F8FD20096CC10 /* Adam_20220502_EmojiArt.app */,
				6686659B281F8FD20096CC10 /* Adam_20220502_EmojiArt.app */,
			);
			name = Products;
			sourceTree = "<group>";
		};
		66866595281F8FD20096CC10 /* iOS */ = {
			isa = PBXGroup;
			children = (
				66866596281F8FD20096CC10 /* Info.plist */,
				668665CD281F90580096CC10 /* iOS.swift */,
				668665D2281F945A0096CC10 /* Camera.swift */,
				668665D4281F946A0096CC10 /* PhotoLibrary.swift */,
				668665B1281F900B0096CC10 /* PaletteManager.swift */,
			);
			path = iOS;
			sourceTree = "<group>";
		};
		6686659C281F8FD20096CC10 /* macOS */ = {
			isa = PBXGroup;
			children = (
				6686659D281F8FD20096CC10 /* Info.plist */,
				6686659E281F8FD20096CC10 /* macOS.entitlements */,
				668665CF281F906A0096CC10 /* macOS.swift */,
			);
			path = macOS;
			sourceTree = "<group>";
		};
/* End PBXGroup section */

/* Begin PBXNativeTarget section */
		66866592281F8FD20096CC10 /* Adam_20220502_EmojiArt (iOS) */ = {
			isa = PBXNativeTarget;
			buildConfigurationList = 668665A9281F8FD20096CC10 /* Build configuration list for PBXNativeTarget "Adam_20220502_EmojiArt (iOS)" */;
			buildPhases = (
				6686658F281F8FD20096CC10 /* Sources */,
				66866590281F8FD20096CC10 /* Frameworks */,
				66866591281F8FD20096CC10 /* Resources */,
			);
			buildRules = (
			);
			dependencies = (
			);
			name = "Adam_20220502_EmojiArt (iOS)";
			productName = "Adam_20220502_EmojiArt (iOS)";
			productReference = 66866593281F8FD20096CC10 /* Adam_20220502_EmojiArt.app */;
			productType = "com.apple.product-type.application";
		};
		6686659A281F8FD20096CC10 /* Adam_20220502_EmojiArt (macOS) */ = {
			isa = PBXNativeTarget;
			buildConfigurationList = 668665AC281F8FD20096CC10 /* Build configuration list for PBXNativeTarget "Adam_20220502_EmojiArt (macOS)" */;
			buildPhases = (
				66866597281F8FD20096CC10 /* Sources */,
				66866598281F8FD20096CC10 /* Frameworks */,
				66866599281F8FD20096CC10 /* Resources */,
			);
			buildRules = (
			);
			dependencies = (
			);
			name = "Adam_20220502_EmojiArt (macOS)";
			productName = "Adam_20220502_EmojiArt (macOS)";
			productReference = 6686659B281F8FD20096CC10 /* Adam_20220502_EmojiArt.app */;
			productType = "com.apple.product-type.application";
		};
/* End PBXNativeTarget section */

/* Begin PBXProject section */
		66866586281F8FD00096CC10 /* Project object */ = {
			isa = PBXProject;
			attributes = {
				BuildIndependentTargetsInParallel = 1;
				LastSwiftUpdateCheck = 1330;
				LastUpgradeCheck = 1330;
				TargetAttributes = {
					66866592281F8FD20096CC10 = {
						CreatedOnToolsVersion = 13.3;
					};
					6686659A281F8FD20096CC10 = {
						CreatedOnToolsVersion = 13.3;
					};
				};
			};
			buildConfigurationList = 66866589281F8FD00096CC10 /* Build configuration list for PBXProject "Adam_20220502_EmojiArt" */;
			compatibilityVersion = "Xcode 13.0";
			developmentRegion = en;
			hasScannedForEncodings = 0;
			knownRegions = (
				en,
				Base,
			);
			mainGroup = 66866585281F8FD00096CC10;
			productRefGroup = 66866594281F8FD20096CC10 /* Products */;
			projectDirPath = "";
			projectRoot = "";
			targets = (
				66866592281F8FD20096CC10 /* Adam_20220502_EmojiArt (iOS) */,
				6686659A281F8FD20096CC10 /* Adam_20220502_EmojiArt (macOS) */,
			);
		};
/* End PBXProject section */

/* Begin PBXResourcesBuildPhase section */
		66866591281F8FD20096CC10 /* Resources */ = {
			isa = PBXResourcesBuildPhase;
			buildActionMask = 2147483647;
			files = (
				668665A5281F8FD20096CC10 /* Assets.xcassets in Resources */,
			);
			runOnlyForDeploymentPostprocessing = 0;
		};
		66866599281F8FD20096CC10 /* Resources */ = {
			isa = PBXResourcesBuildPhase;
			buildActionMask = 2147483647;
			files = (
				668665A6281F8FD20096CC10 /* Assets.xcassets in Resources */,
			);
			runOnlyForDeploymentPostprocessing = 0;
		};
/* End PBXResourcesBuildPhase section */

/* Begin PBXSourcesBuildPhase section */
		6686658F281F8FD20096CC10 /* Sources */ = {
			isa = PBXSourcesBuildPhase;
			buildActionMask = 2147483647;
			files = (
				668665B9281F900D0096CC10 /* EmojiArtDocumentView.swift in Sources */,
				668665BF281F900D0096CC10 /* PaletteStore.swift in Sources */,
				668665CB281F900D0096CC10 /* EmojiArtModel.Background.swift in Sources */,
				668665C9281F900D0096CC10 /* PaletteEditor.swift in Sources */,
				668665D5281F946A0096CC10 /* PhotoLibrary.swift in Sources */,
				668665BD281F900D0096CC10 /* PaletteManager.swift in Sources */,
				668665C3281F900D0096CC10 /* EmojiArtModel.swift in Sources */,
				6686659F281F8FD20096CC10 /* Adam_20220502_EmojiArtApp.swift in Sources */,
				668665BB281F900D0096CC10 /* UtilityViews.swift in Sources */,
				668665C5281F900D0096CC10 /* UtilityExtensions.swift in Sources */,
				668665C7281F900D0096CC10 /* EmojiArtDocument.swift in Sources */,
				668665D3281F945A0096CC10 /* Camera.swift in Sources */,
				668665C1281F900D0096CC10 /* PaletteChooser.swift in Sources */,
				668665CE281F90580096CC10 /* iOS.swift in Sources */,
			);
			runOnlyForDeploymentPostprocessing = 0;
		};
		66866597281F8FD20096CC10 /* Sources */ = {
			isa = PBXSourcesBuildPhase;
			buildActionMask = 2147483647;
			files = (
				668665BA281F900D0096CC10 /* EmojiArtDocumentView.swift in Sources */,
				668665D1281F91C70096CC10 /* macOS.swift in Sources */,
				668665C0281F900D0096CC10 /* PaletteStore.swift in Sources */,
				668665CC281F900D0096CC10 /* EmojiArtModel.Background.swift in Sources */,
				668665CA281F900D0096CC10 /* PaletteEditor.swift in Sources */,
				668665C4281F900D0096CC10 /* EmojiArtModel.swift in Sources */,
				668665A0281F8FD20096CC10 /* Adam_20220502_EmojiArtApp.swift in Sources */,
				668665BC281F900D0096CC10 /* UtilityViews.swift in Sources */,
				668665C6281F900D0096CC10 /* UtilityExtensions.swift in Sources */,
				668665C8281F900D0096CC10 /* EmojiArtDocument.swift in Sources */,
				668665C2281F900D0096CC10 /* PaletteChooser.swift in Sources */,
			);
			runOnlyForDeploymentPostprocessing = 0;
		};
/* End PBXSourcesBuildPhase section */

/* Begin XCBuildConfiguration section */
		668665A7281F8FD20096CC10 /* Debug */ = {
			isa = XCBuildConfiguration;
			buildSettings = {
				ALWAYS_SEARCH_USER_PATHS = NO;
				CLANG_ANALYZER_NONNULL = YES;
				CLANG_ANALYZER_NUMBER_OBJECT_CONVERSION = YES_AGGRESSIVE;
				CLANG_CXX_LANGUAGE_STANDARD = "gnu++17";
				CLANG_ENABLE_MODULES = YES;
				CLANG_ENABLE_OBJC_ARC = YES;
				CLANG_ENABLE_OBJC_WEAK = YES;
				CLANG_WARN_BLOCK_CAPTURE_AUTORELEASING = YES;
				CLANG_WARN_BOOL_CONVERSION = YES;
				CLANG_WARN_COMMA = YES;
				CLANG_WARN_CONSTANT_CONVERSION = YES;
				CLANG_WARN_DEPRECATED_OBJC_IMPLEMENTATIONS = YES;
				CLANG_WARN_DIRECT_OBJC_ISA_USAGE = YES_ERROR;
				CLANG_WARN_DOCUMENTATION_COMMENTS = YES;
				CLANG_WARN_EMPTY_BODY = YES;
				CLANG_WARN_ENUM_CONVERSION = YES;
				CLANG_WARN_INFINITE_RECURSION = YES;
				CLANG_WARN_INT_CONVERSION = YES;
				CLANG_WARN_NON_LITERAL_NULL_CONVERSION = YES;
				CLANG_WARN_OBJC_IMPLICIT_RETAIN_SELF = YES;
				CLANG_WARN_OBJC_LITERAL_CONVERSION = YES;
				CLANG_WARN_OBJC_ROOT_CLASS = YES_ERROR;
				CLANG_WARN_QUOTED_INCLUDE_IN_FRAMEWORK_HEADER = YES;
				CLANG_WARN_RANGE_LOOP_ANALYSIS = YES;
				CLANG_WARN_STRICT_PROTOTYPES = YES;
				CLANG_WARN_SUSPICIOUS_MOVE = YES;
				CLANG_WARN_UNGUARDED_AVAILABILITY = YES_AGGRESSIVE;
				CLANG_WARN_UNREACHABLE_CODE = YES;
				CLANG_WARN__DUPLICATE_METHOD_MATCH = YES;
				COPY_PHASE_STRIP = NO;
				DEBUG_INFORMATION_FORMAT = dwarf;
				ENABLE_STRICT_OBJC_MSGSEND = YES;
				ENABLE_TESTABILITY = YES;
				GCC_C_LANGUAGE_STANDARD = gnu11;
				GCC_DYNAMIC_NO_PIC = NO;
				GCC_NO_COMMON_BLOCKS = YES;
				GCC_OPTIMIZATION_LEVEL = 0;
				GCC_PREPROCESSOR_DEFINITIONS = (
					"DEBUG=1",
					"$(inherited)",
				);
				GCC_WARN_64_TO_32_BIT_CONVERSION = YES;
				GCC_WARN_ABOUT_RETURN_TYPE = YES_ERROR;
				GCC_WARN_UNDECLARED_SELECTOR = YES;
				GCC_WARN_UNINITIALIZED_AUTOS = YES_AGGRESSIVE;
				GCC_WARN_UNUSED_FUNCTION = YES;
				GCC_WARN_UNUSED_VARIABLE = YES;
				IPHONEOS_DEPLOYMENT_TARGET = 14.0;
				MACOSX_DEPLOYMENT_TARGET = 11.0;
				MTL_ENABLE_DEBUG_INFO = INCLUDE_SOURCE;
				MTL_FAST_MATH = YES;
				ONLY_ACTIVE_ARCH = YES;
				SWIFT_ACTIVE_COMPILATION_CONDITIONS = DEBUG;
				SWIFT_OPTIMIZATION_LEVEL = "-Onone";
			};
			name = Debug;
		};
		668665A8281F8FD20096CC10 /* Release */ = {
			isa = XCBuildConfiguration;
			buildSettings = {
				ALWAYS_SEARCH_USER_PATHS = NO;
				CLANG_ANALYZER_NONNULL = YES;
				CLANG_ANALYZER_NUMBER_OBJECT_CONVERSION = YES_AGGRESSIVE;
				CLANG_CXX_LANGUAGE_STANDARD = "gnu++17";
				CLANG_ENABLE_MODULES = YES;
				CLANG_ENABLE_OBJC_ARC = YES;
				CLANG_ENABLE_OBJC_WEAK = YES;
				CLANG_WARN_BLOCK_CAPTURE_AUTORELEASING = YES;
				CLANG_WARN_BOOL_CONVERSION = YES;
				CLANG_WARN_COMMA = YES;
				CLANG_WARN_CONSTANT_CONVERSION = YES;
				CLANG_WARN_DEPRECATED_OBJC_IMPLEMENTATIONS = YES;
				CLANG_WARN_DIRECT_OBJC_ISA_USAGE = YES_ERROR;
				CLANG_WARN_DOCUMENTATION_COMMENTS = YES;
				CLANG_WARN_EMPTY_BODY = YES;
				CLANG_WARN_ENUM_CONVERSION = YES;
				CLANG_WARN_INFINITE_RECURSION = YES;
				CLANG_WARN_INT_CONVERSION = YES;
				CLANG_WARN_NON_LITERAL_NULL_CONVERSION = YES;
				CLANG_WARN_OBJC_IMPLICIT_RETAIN_SELF = YES;
				CLANG_WARN_OBJC_LITERAL_CONVERSION = YES;
				CLANG_WARN_OBJC_ROOT_CLASS = YES_ERROR;
				CLANG_WARN_QUOTED_INCLUDE_IN_FRAMEWORK_HEADER = YES;
				CLANG_WARN_RANGE_LOOP_ANALYSIS = YES;
				CLANG_WARN_STRICT_PROTOTYPES = YES;
				CLANG_WARN_SUSPICIOUS_MOVE = YES;
				CLANG_WARN_UNGUARDED_AVAILABILITY = YES_AGGRESSIVE;
				CLANG_WARN_UNREACHABLE_CODE = YES;
				CLANG_WARN__DUPLICATE_METHOD_MATCH = YES;
				COPY_PHASE_STRIP = NO;
				DEBUG_INFORMATION_FORMAT = "dwarf-with-dsym";
				ENABLE_NS_ASSERTIONS = NO;
				ENABLE_STRICT_OBJC_MSGSEND = YES;
				GCC_C_LANGUAGE_STANDARD = gnu11;
				GCC_NO_COMMON_BLOCKS = YES;
				GCC_WARN_64_TO_32_BIT_CONVERSION = YES;
				GCC_WARN_ABOUT_RETURN_TYPE = YES_ERROR;
				GCC_WARN_UNDECLARED_SELECTOR = YES;
				GCC_WARN_UNINITIALIZED_AUTOS = YES_AGGRESSIVE;
				GCC_WARN_UNUSED_FUNCTION = YES;
				GCC_WARN_UNUSED_VARIABLE = YES;
				IPHONEOS_DEPLOYMENT_TARGET = 14.0;
				MACOSX_DEPLOYMENT_TARGET = 11.0;
				MTL_ENABLE_DEBUG_INFO = NO;
				MTL_FAST_MATH = YES;
				SWIFT_COMPILATION_MODE = wholemodule;
				SWIFT_OPTIMIZATION_LEVEL = "-O";
			};
			name = Release;
		};
		668665AA281F8FD20096CC10 /* Debug */ = {
			isa = XCBuildConfiguration;
			buildSettings = {
				ASSETCATALOG_COMPILER_APPICON_NAME = AppIcon;
				ASSETCATALOG_COMPILER_GLOBAL_ACCENT_COLOR_NAME = AccentColor;
				CODE_SIGN_STYLE = Automatic;
				CURRENT_PROJECT_VERSION = 1;
				DEVELOPMENT_TEAM = N2KQ965WEJ;
				ENABLE_PREVIEWS = YES;
				GENERATE_INFOPLIST_FILE = YES;
				INFOPLIST_FILE = iOS/Info.plist;
				INFOPLIST_KEY_CFBundleDisplayName = EmojiArt;
				INFOPLIST_KEY_LSSupportsOpeningDocumentsInPlace = YES;
				INFOPLIST_KEY_NSCameraUsageDescription = "The camera can be used to set the background of an EmojiArt document.";
				INFOPLIST_KEY_UIApplicationSceneManifest_Generation = YES;
				INFOPLIST_KEY_UIApplicationSupportsIndirectInputEvents = YES;
				INFOPLIST_KEY_UILaunchScreen_Generation = YES;
				INFOPLIST_KEY_UISupportedInterfaceOrientations_iPad = "UIInterfaceOrientationPortrait UIInterfaceOrientationPortraitUpsideDown UIInterfaceOrientationLandscapeLeft UIInterfaceOrientationLandscapeRight";
				INFOPLIST_KEY_UISupportedInterfaceOrientations_iPhone = "UIInterfaceOrientationPortrait UIInterfaceOrientationLandscapeLeft UIInterfaceOrientationLandscapeRight";
				INFOPLIST_KEY_UISupportsDocumentBrowser = YES;
				IPHONEOS_DEPLOYMENT_TARGET = 15.4;
				LD_RUNPATH_SEARCH_PATHS = (
					"$(inherited)",
					"@executable_path/Frameworks",
				);
				MARKETING_VERSION = 1.0;
				PRODUCT_BUNDLE_IDENTIFIER = "com.adam.Adam-20220502-EmojiArt";
				PRODUCT_NAME = Adam_20220502_EmojiArt;
				SDKROOT = iphoneos;
				SWIFT_EMIT_LOC_STRINGS = YES;
				SWIFT_VERSION = 5.0;
				TARGETED_DEVICE_FAMILY = "1,2";
			};
			name = Debug;
		};
		668665AB281F8FD20096CC10 /* Release */ = {
			isa = XCBuildConfiguration;
			buildSettings = {
				ASSETCATALOG_COMPILER_APPICON_NAME = AppIcon;
				ASSETCATALOG_COMPILER_GLOBAL_ACCENT_COLOR_NAME = AccentColor;
				CODE_SIGN_STYLE = Automatic;
				CURRENT_PROJECT_VERSION = 1;
				DEVELOPMENT_TEAM = N2KQ965WEJ;
				ENABLE_PREVIEWS = YES;
				GENERATE_INFOPLIST_FILE = YES;
				INFOPLIST_FILE = iOS/Info.plist;
				INFOPLIST_KEY_CFBundleDisplayName = EmojiArt;
				INFOPLIST_KEY_LSSupportsOpeningDocumentsInPlace = YES;
				INFOPLIST_KEY_NSCameraUsageDescription = "The camera can be used to set the background of an EmojiArt document.";
				INFOPLIST_KEY_UIApplicationSceneManifest_Generation = YES;
				INFOPLIST_KEY_UIApplicationSupportsIndirectInputEvents = YES;
				INFOPLIST_KEY_UILaunchScreen_Generation = YES;
				INFOPLIST_KEY_UISupportedInterfaceOrientations_iPad = "UIInterfaceOrientationPortrait UIInterfaceOrientationPortraitUpsideDown UIInterfaceOrientationLandscapeLeft UIInterfaceOrientationLandscapeRight";
				INFOPLIST_KEY_UISupportedInterfaceOrientations_iPhone = "UIInterfaceOrientationPortrait UIInterfaceOrientationLandscapeLeft UIInterfaceOrientationLandscapeRight";
				INFOPLIST_KEY_UISupportsDocumentBrowser = YES;
				IPHONEOS_DEPLOYMENT_TARGET = 15.4;
				LD_RUNPATH_SEARCH_PATHS = (
					"$(inherited)",
					"@executable_path/Frameworks",
				);
				MARKETING_VERSION = 1.0;
				PRODUCT_BUNDLE_IDENTIFIER = "com.adam.Adam-20220502-EmojiArt";
				PRODUCT_NAME = Adam_20220502_EmojiArt;
				SDKROOT = iphoneos;
				SWIFT_EMIT_LOC_STRINGS = YES;
				SWIFT_VERSION = 5.0;
				TARGETED_DEVICE_FAMILY = "1,2";
				VALIDATE_PRODUCT = YES;
			};
			name = Release;
		};
		668665AD281F8FD20096CC10 /* Debug */ = {
			isa = XCBuildConfiguration;
			buildSettings = {
				ASSETCATALOG_COMPILER_APPICON_NAME = AppIcon;
				ASSETCATALOG_COMPILER_GLOBAL_ACCENT_COLOR_NAME = AccentColor;
				CODE_SIGN_ENTITLEMENTS = macOS/macOS.entitlements;
				CODE_SIGN_STYLE = Automatic;
				COMBINE_HIDPI_IMAGES = YES;
				CURRENT_PROJECT_VERSION = 1;
				DEVELOPMENT_TEAM = N2KQ965WEJ;
				ENABLE_HARDENED_RUNTIME = YES;
				ENABLE_PREVIEWS = YES;
				GENERATE_INFOPLIST_FILE = YES;
				INFOPLIST_FILE = macOS/Info.plist;
				INFOPLIST_KEY_NSHumanReadableCopyright = "";
				LD_RUNPATH_SEARCH_PATHS = (
					"$(inherited)",
					"@executable_path/../Frameworks",
				);
				MACOSX_DEPLOYMENT_TARGET = 12.3;
				MARKETING_VERSION = 1.0;
				PRODUCT_BUNDLE_IDENTIFIER = "com.adam.Adam-20220502-EmojiArt";
				PRODUCT_NAME = Adam_20220502_EmojiArt;
				SDKROOT = macosx;
				SWIFT_EMIT_LOC_STRINGS = YES;
				SWIFT_VERSION = 5.0;
			};
			name = Debug;
		};
		668665AE281F8FD20096CC10 /* Release */ = {
			isa = XCBuildConfiguration;
			buildSettings = {
				ASSETCATALOG_COMPILER_APPICON_NAME = AppIcon;
				ASSETCATALOG_COMPILER_GLOBAL_ACCENT_COLOR_NAME = AccentColor;
				CODE_SIGN_ENTITLEMENTS = macOS/macOS.entitlements;
				CODE_SIGN_STYLE = Automatic;
				COMBINE_HIDPI_IMAGES = YES;
				CURRENT_PROJECT_VERSION = 1;
				DEVELOPMENT_TEAM = N2KQ965WEJ;
				ENABLE_HARDENED_RUNTIME = YES;
				ENABLE_PREVIEWS = YES;
				GENERATE_INFOPLIST_FILE = YES;
				INFOPLIST_FILE = macOS/Info.plist;
				INFOPLIST_KEY_NSHumanReadableCopyright = "";
				LD_RUNPATH_SEARCH_PATHS = (
					"$(inherited)",
					"@executable_path/../Frameworks",
				);
				MACOSX_DEPLOYMENT_TARGET = 12.3;
				MARKETING_VERSION = 1.0;
				PRODUCT_BUNDLE_IDENTIFIER = "com.adam.Adam-20220502-EmojiArt";
				PRODUCT_NAME = Adam_20220502_EmojiArt;
				SDKROOT = macosx;
				SWIFT_EMIT_LOC_STRINGS = YES;
				SWIFT_VERSION = 5.0;
			};
			name = Release;
		};
/* End XCBuildConfiguration section */

/* Begin XCConfigurationList section */
		66866589281F8FD00096CC10 /* Build configuration list for PBXProject "Adam_20220502_EmojiArt" */ = {
			isa = XCConfigurationList;
			buildConfigurations = (
				668665A7281F8FD20096CC10 /* Debug */,
				668665A8281F8FD20096CC10 /* Release */,
			);
			defaultConfigurationIsVisible = 0;
			defaultConfigurationName = Release;
		};
		668665A9281F8FD20096CC10 /* Build configuration list for PBXNativeTarget "Adam_20220502_EmojiArt (iOS)" */ = {
			isa = XCConfigurationList;
			buildConfigurations = (
				668665AA281F8FD20096CC10 /* Debug */,
				668665AB281F8FD20096CC10 /* Release */,
			);
			defaultConfigurationIsVisible = 0;
			defaultConfigurationName = Release;
		};
		668665AC281F8FD20096CC10 /* Build configuration list for PBXNativeTarget "Adam_20220502_EmojiArt (macOS)" */ = {
			isa = XCConfigurationList;
			buildConfigurations = (
				668665AD281F8FD20096CC10 /* Debug */,
				668665AE281F8FD20096CC10 /* Release */,
			);
			defaultConfigurationIsVisible = 0;
			defaultConfigurationName = Release;
		};
/* End XCConfigurationList section */
	};
	rootObject = 66866586281F8FD00096CC10 /* Project object */;
}
